
Microsoft Visual Studio Solution File, Format Version 12.00
# Visual Studio 15
VisualStudioVersion = 15.0.26730.16
MinimumVisualStudioVersion = 10.0.40219.1
Project("{FAE04EC0-301F-11D3-BF4B-00C04F79EFBC}") = "GoogleMapsUtils.Android", "GoogleMapsUtils.Android\GoogleMapsUtils.Android.csproj", "{672A7D04-8F36-4DC2-B860-7443BE60E3E1}"
EndProject
Project("{FAE04EC0-301F-11D3-BF4B-00C04F79EFBC}") = "GoogleMapsUtils.iOS", "GoogleMapsUtils.iOS\GoogleMapsUtils.iOS.csproj", "{B58A0EAA-7770-471A-8CB3-742E7CC445A3}"
EndProject
Project("{2150E333-8FDC-42A3-9474-1A3956D46DE8}") = "Solution Items", "Solution Items", "{7065A008-5461-4758-A7CB-6C2A24B332CE}"
EndProject
Global
	GlobalSection(SolutionConfigurationPlatforms) = preSolution
		Debug|Any CPU = Debug|Any CPU
		Release|Any CPU = Release|Any CPU
	EndGlobalSection
	GlobalSection(ProjectConfigurationPlatforms) = postSolution
		{672A7D04-8F36-4DC2-B860-7443BE60E3E1}.Debug|Any CPU.ActiveCfg = Debug|Any CPU
		{672A7D04-8F36-4DC2-B860-7443BE60E3E1}.Debug|Any CPU.Build.0 = Debug|Any CPU
		{672A7D04-8F36-4DC2-B860-7443BE60E3E1}.Release|Any CPU.ActiveCfg = Release|Any CPU
		{672A7D04-8F36-4DC2-B860-7443BE60E3E1}.Release|Any CPU.Build.0 = Release|Any CPU
		{B58A0EAA-7770-471A-8CB3-742E7CC445A3}.Debug|Any CPU.ActiveCfg = Debug|Any CPU
		{B58A0EAA-7770-471A-8CB3-742E7CC445A3}.Debug|Any CPU.Build.0 = Debug|Any CPU
		{B58A0EAA-7770-471A-8CB3-742E7CC445A3}.Release|Any CPU.ActiveCfg = Release|Any CPU
		{B58A0EAA-7770-471A-8CB3-742E7CC445A3}.Release|Any CPU.Build.0 = Release|Any CPU
	EndGlobalSection
	GlobalSection(SolutionProperties) = preSolution
		HideSolutionNode = FALSE
	EndGlobalSection
	GlobalSection(ExtensibilityGlobals) = postSolution
		SolutionGuid = {E6D0FA4A-CCD0-4D03-90C0-FC7FD007B047}
	EndGlobalSection
EndGlobal
