
Microsoft Visual Studio Solution File, Format Version 12.00
# Visual Studio 15
VisualStudioVersion = 15.0.27004.2005
MinimumVisualStudioVersion = 10.0.40219.1
Project("{FAE04EC0-301F-11D3-BF4B-00C04F79EFBC}") = "SampleMapsApp", "SampleMapsApp\SampleMapsApp.csproj", "{61D648F7-A715-43B0-B3E9-E256369740D8}"
EndProject
Global
	GlobalSection(SolutionConfigurationPlatforms) = preSolution
		Debug|Any CPU = Debug|Any CPU
		Release|Any CPU = Release|Any CPU
	EndGlobalSection
	GlobalSection(ProjectConfigurationPlatforms) = postSolution
		{61D648F7-A715-43B0-B3E9-E256369740D8}.Debug|Any CPU.ActiveCfg = Debug|Any CPU
		{61D648F7-A715-43B0-B3E9-E256369740D8}.Debug|Any CPU.Build.0 = Debug|Any CPU
		{61D648F7-A715-43B0-B3E9-E256369740D8}.Debug|Any CPU.Deploy.0 = Debug|Any CPU
		{61D648F7-A715-43B0-B3E9-E256369740D8}.Release|Any CPU.ActiveCfg = Release|Any CPU
		{61D648F7-A715-43B0-B3E9-E256369740D8}.Release|Any CPU.Build.0 = Release|Any CPU
		{61D648F7-A715-43B0-B3E9-E256369740D8}.Release|Any CPU.Deploy.0 = Release|Any CPU
	EndGlobalSection
	GlobalSection(SolutionProperties) = preSolution
		HideSolutionNode = FALSE
	EndGlobalSection
	GlobalSection(ExtensibilityGlobals) = postSolution
		SolutionGuid = {B1D206F8-6B60-41B1-A650-9CA4D92E58D8}
	EndGlobalSection
EndGlobal
